
Microsoft Visual Studio Solution File, Format Version 12.00
# Visual Studio Version 17
VisualStudioVersion = 17.10.34607.79
MinimumVisualStudioVersion = 10.0.40219.1
Project("{9A19103F-16F7-4668-BE54-9A1E7A4F7556}") = "asyncDrive.API", "asyncDrive.API\asyncDrive.API.csproj", "{D0D6930B-C14B-445E-9F7F-20F3F406807A}"
EndProject
Project("{9A19103F-16F7-4668-BE54-9A1E7A4F7556}") = "DataAccess", "DataAccess\DataAccess.csproj", "{4328A10C-1D58-454E-A9E9-DF3CD70715AB}"
EndProject
Project("{9A19103F-16F7-4668-BE54-9A1E7A4F7556}") = "Models", "Models\Models.csproj", "{FE2FAD2B-8A3E-4788-87FE-B8F6DB7BD938}"
EndProject
Project("{9A19103F-16F7-4668-BE54-9A1E7A4F7556}") = "Utility", "Utility\Utility.csproj", "{4094A4F8-93AC-403A-95F1-76BE38B13CD9}"
EndProject
Project("{FAE04EC0-301F-11D3-BF4B-00C04F79EFBC}") = "asyncDrive.Web", "asyncDrive.Web\asyncDrive.Web.csproj", "{4E58226B-E403-4069-8671-F6F346838D23}"
EndProject
Global
	GlobalSection(SolutionConfigurationPlatforms) = preSolution
		Debug|Any CPU = Debug|Any CPU
		Release|Any CPU = Release|Any CPU
	EndGlobalSection
	GlobalSection(ProjectConfigurationPlatforms) = postSolution
		{D0D6930B-C14B-445E-9F7F-20F3F406807A}.Debug|Any CPU.ActiveCfg = Debug|Any CPU
		{D0D6930B-C14B-445E-9F7F-20F3F406807A}.Debug|Any CPU.Build.0 = Debug|Any CPU
		{D0D6930B-C14B-445E-9F7F-20F3F406807A}.Release|Any CPU.ActiveCfg = Release|Any CPU
		{D0D6930B-C14B-445E-9F7F-20F3F406807A}.Release|Any CPU.Build.0 = Release|Any CPU
		{4328A10C-1D58-454E-A9E9-DF3CD70715AB}.Debug|Any CPU.ActiveCfg = Debug|Any CPU
		{4328A10C-1D58-454E-A9E9-DF3CD70715AB}.Debug|Any CPU.Build.0 = Debug|Any CPU
		{4328A10C-1D58-454E-A9E9-DF3CD70715AB}.Release|Any CPU.ActiveCfg = Release|Any CPU
		{4328A10C-1D58-454E-A9E9-DF3CD70715AB}.Release|Any CPU.Build.0 = Release|Any CPU
		{FE2FAD2B-8A3E-4788-87FE-B8F6DB7BD938}.Debug|Any CPU.ActiveCfg = Debug|Any CPU
		{FE2FAD2B-8A3E-4788-87FE-B8F6DB7BD938}.Debug|Any CPU.Build.0 = Debug|Any CPU
		{FE2FAD2B-8A3E-4788-87FE-B8F6DB7BD938}.Release|Any CPU.ActiveCfg = Release|Any CPU
		{FE2FAD2B-8A3E-4788-87FE-B8F6DB7BD938}.Release|Any CPU.Build.0 = Release|Any CPU
		{4094A4F8-93AC-403A-95F1-76BE38B13CD9}.Debug|Any CPU.ActiveCfg = Debug|Any CPU
		{4094A4F8-93AC-403A-95F1-76BE38B13CD9}.Debug|Any CPU.Build.0 = Debug|Any CPU
		{4094A4F8-93AC-403A-95F1-76BE38B13CD9}.Release|Any CPU.ActiveCfg = Release|Any CPU
		{4094A4F8-93AC-403A-95F1-76BE38B13CD9}.Release|Any CPU.Build.0 = Release|Any CPU
		{4E58226B-E403-4069-8671-F6F346838D23}.Debug|Any CPU.ActiveCfg = Debug|Any CPU
		{4E58226B-E403-4069-8671-F6F346838D23}.Debug|Any CPU.Build.0 = Debug|Any CPU
		{4E58226B-E403-4069-8671-F6F346838D23}.Release|Any CPU.ActiveCfg = Release|Any CPU
		{4E58226B-E403-4069-8671-F6F346838D23}.Release|Any CPU.Build.0 = Release|Any CPU
	EndGlobalSection
	GlobalSection(SolutionProperties) = preSolution
		HideSolutionNode = FALSE
	EndGlobalSection
	GlobalSection(ExtensibilityGlobals) = postSolution
		SolutionGuid = {B5A566DD-79E8-46B3-9E34-85A9D36FF651}
	EndGlobalSection
EndGlobal
